
Microsoft Visual Studio Solution File, Format Version 12.00
# Visual Studio Version 17
VisualStudioVersion = 17.6.33617.297
MinimumVisualStudioVersion = 10.0.40219.1
Project("{9A19103F-16F7-4668-BE54-9A1E7A4F7556}") = "Expense Tracker", "Expense Tracker\Expense Tracker.csproj", "{1A83E2CB-C5BE-4E62-83BE-41024D246A45}"
EndProject
Project("{2150E333-8FDC-42A3-9474-1A3956D46DE8}") = "Solution Items", "Solution Items", "{BEB43D98-FD06-41A0-93CF-3DE5B917574F}"
	ProjectSection(SolutionItems) = preProject
		.editorconfig = .editorconfig
	EndProjectSection
EndProject
Global
	GlobalSection(SolutionConfigurationPlatforms) = preSolution
		Debug|Any CPU = Debug|Any CPU
		Release|Any CPU = Release|Any CPU
	EndGlobalSection
	GlobalSection(ProjectConfigurationPlatforms) = postSolution
		{1A83E2CB-C5BE-4E62-83BE-41024D246A45}.Debug|Any CPU.ActiveCfg = Debug|Any CPU
		{1A83E2CB-C5BE-4E62-83BE-41024D246A45}.Debug|Any CPU.Build.0 = Debug|Any CPU
		{1A83E2CB-C5BE-4E62-83BE-41024D246A45}.Release|Any CPU.ActiveCfg = Release|Any CPU
		{1A83E2CB-C5BE-4E62-83BE-41024D246A45}.Release|Any CPU.Build.0 = Release|Any CPU
	EndGlobalSection
	GlobalSection(SolutionProperties) = preSolution
		HideSolutionNode = FALSE
	EndGlobalSection
	GlobalSection(ExtensibilityGlobals) = postSolution
		SolutionGuid = {A54F25A5-0D76-42FF-8574-1E6A23B15982}
	EndGlobalSection
EndGlobal
